// !$*UTF8*$!
{
	archiveVersion = 1;
	classes = {
	};
	objectVersion = 54;
	objects = {

/* Begin PBXBuildFile section */
		3D68FEB3288DDFA80001B324 /* ConcreteModel.swift in Sources */ = {isa = PBXBuildFile; fileRef = 3D68FEB2288DDFA80001B324 /* ConcreteModel.swift */; };
		3D68FEB5288DE4A20001B324 /* ConcreteModelTests.swift in Sources */ = {isa = PBXBuildFile; fileRef = 3D68FEB4288DE4A20001B324 /* ConcreteModelTests.swift */; };
		3D68FEB7288DEBE50001B324 /* User.swift in Sources */ = {isa = PBXBuildFile; fileRef = 3D68FEB6288DEBE50001B324 /* User.swift */; };
		3DB2E19A288C833800FFFF0F /* ChangingTypeCodable_Example.framework in Frameworks */ = {isa = PBXBuildFile; fileRef = 3DB2E191288C833800FFFF0F /* ChangingTypeCodable_Example.framework */; };
		3DB2E1AA288C835B00FFFF0F /* ReusableModel.swift in Sources */ = {isa = PBXBuildFile; fileRef = 3DB2E1A9288C835B00FFFF0F /* ReusableModel.swift */; };
		3DB2E1B0288C85EF00FFFF0F /* ReusableModelTests.swift in Sources */ = {isa = PBXBuildFile; fileRef = 3DB2E1AF288C85EF00FFFF0F /* ReusableModelTests.swift */; };
		3DEA0D61288C955B0092E512 /* CodableIntValueType.json in Resources */ = {isa = PBXBuildFile; fileRef = 3DEA0D60288C955B0092E512 /* CodableIntValueType.json */; };
		3DEA0D64288C95C20092E512 /* Bundle+Load.swift in Sources */ = {isa = PBXBuildFile; fileRef = 3DEA0D63288C95C20092E512 /* Bundle+Load.swift */; };
		3DEA0D6A288C971C0092E512 /* CodableBoolValueType.json in Resources */ = {isa = PBXBuildFile; fileRef = 3DEA0D66288C971C0092E512 /* CodableBoolValueType.json */; };
		3DEA0D6B288C971C0092E512 /* CodableCustomTypeValueType.json in Resources */ = {isa = PBXBuildFile; fileRef = 3DEA0D67288C971C0092E512 /* CodableCustomTypeValueType.json */; };
		3DEA0D6C288C971C0092E512 /* CodableStringArrayValueType.json in Resources */ = {isa = PBXBuildFile; fileRef = 3DEA0D68288C971C0092E512 /* CodableStringArrayValueType.json */; };
		3DEA0D6E288C9C0E0092E512 /* CodableMulitpleValueTypes.json in Resources */ = {isa = PBXBuildFile; fileRef = 3DEA0D6D288C9C0E0092E512 /* CodableMulitpleValueTypes.json */; };
/* End PBXBuildFile section */

/* Begin PBXContainerItemProxy section */
		3DB2E19B288C833800FFFF0F /* PBXContainerItemProxy */ = {
			isa = PBXContainerItemProxy;
			containerPortal = 3DB2E188288C833800FFFF0F /* Project object */;
			proxyType = 1;
			remoteGlobalIDString = 3DB2E190288C833800FFFF0F;
			remoteInfo = "ChangingTypeCodable-Example";
		};
/* End PBXContainerItemProxy section */

/* Begin PBXFileReference section */
		3D68FEB2288DDFA80001B324 /* ConcreteModel.swift */ = {isa = PBXFileReference; lastKnownFileType = sourcecode.swift; path = ConcreteModel.swift; sourceTree = "<group>"; };
		3D68FEB4288DE4A20001B324 /* ConcreteModelTests.swift */ = {isa = PBXFileReference; lastKnownFileType = sourcecode.swift; path = ConcreteModelTests.swift; sourceTree = "<group>"; };
		3D68FEB6288DEBE50001B324 /* User.swift */ = {isa = PBXFileReference; lastKnownFileType = sourcecode.swift; path = User.swift; sourceTree = "<group>"; };
		3DB2E191288C833800FFFF0F /* ChangingTypeCodable_Example.framework */ = {isa = PBXFileReference; explicitFileType = wrapper.framework; includeInIndex = 0; path = ChangingTypeCodable_Example.framework; sourceTree = BUILT_PRODUCTS_DIR; };
		3DB2E199288C833800FFFF0F /* ChangingTypeCodable-ExampleTests.xctest */ = {isa = PBXFileReference; explicitFileType = wrapper.cfbundle; includeInIndex = 0; path = "ChangingTypeCodable-ExampleTests.xctest"; sourceTree = BUILT_PRODUCTS_DIR; };
		3DB2E1A9288C835B00FFFF0F /* ReusableModel.swift */ = {isa = PBXFileReference; lastKnownFileType = sourcecode.swift; path = ReusableModel.swift; sourceTree = "<group>"; };
		3DB2E1AF288C85EF00FFFF0F /* ReusableModelTests.swift */ = {isa = PBXFileReference; fileEncoding = 4; lastKnownFileType = sourcecode.swift; path = ReusableModelTests.swift; sourceTree = "<group>"; };
		3DEA0D60288C955B0092E512 /* CodableIntValueType.json */ = {isa = PBXFileReference; lastKnownFileType = text.json; path = CodableIntValueType.json; sourceTree = "<group>"; };
		3DEA0D63288C95C20092E512 /* Bundle+Load.swift */ = {isa = PBXFileReference; lastKnownFileType = sourcecode.swift; path = "Bundle+Load.swift"; sourceTree = "<group>"; };
		3DEA0D66288C971C0092E512 /* CodableBoolValueType.json */ = {isa = PBXFileReference; fileEncoding = 4; lastKnownFileType = text.json; path = CodableBoolValueType.json; sourceTree = "<group>"; };
		3DEA0D67288C971C0092E512 /* CodableCustomTypeValueType.json */ = {isa = PBXFileReference; fileEncoding = 4; lastKnownFileType = text.json; path = CodableCustomTypeValueType.json; sourceTree = "<group>"; };
		3DEA0D68288C971C0092E512 /* CodableStringArrayValueType.json */ = {isa = PBXFileReference; fileEncoding = 4; lastKnownFileType = text.json; path = CodableStringArrayValueType.json; sourceTree = "<group>"; };
		3DEA0D6D288C9C0E0092E512 /* CodableMulitpleValueTypes.json */ = {isa = PBXFileReference; fileEncoding = 4; lastKnownFileType = text.json; path = CodableMulitpleValueTypes.json; sourceTree = "<group>"; };
/* End PBXFileReference section */

/* Begin PBXFrameworksBuildPhase section */
		3DB2E18E288C833800FFFF0F /* Frameworks */ = {
			isa = PBXFrameworksBuildPhase;
			buildActionMask = 2147483647;
			files = (
			);
			runOnlyForDeploymentPostprocessing = 0;
		};
		3DB2E196288C833800FFFF0F /* Frameworks */ = {
			isa = PBXFrameworksBuildPhase;
			buildActionMask = 2147483647;
			files = (
				3DB2E19A288C833800FFFF0F /* ChangingTypeCodable_Example.framework in Frameworks */,
			);
			runOnlyForDeploymentPostprocessing = 0;
		};
/* End PBXFrameworksBuildPhase section */

/* Begin PBXGroup section */
		3DB2E187288C833800FFFF0F = {
			isa = PBXGroup;
			children = (
				3DB2E193288C833800FFFF0F /* ChangingTypeCodable-Example */,
				3DB2E19D288C833800FFFF0F /* ChangingTypeCodable-ExampleTests */,
				3DB2E192288C833800FFFF0F /* Products */,
			);
			sourceTree = "<group>";
		};
		3DB2E192288C833800FFFF0F /* Products */ = {
			isa = PBXGroup;
			children = (
				3DB2E191288C833800FFFF0F /* ChangingTypeCodable_Example.framework */,
				3DB2E199288C833800FFFF0F /* ChangingTypeCodable-ExampleTests.xctest */,
			);
			name = Products;
			sourceTree = "<group>";
		};
		3DB2E193288C833800FFFF0F /* ChangingTypeCodable-Example */ = {
			isa = PBXGroup;
			children = (
				3D68FEB2288DDFA80001B324 /* ConcreteModel.swift */,
				3DB2E1A9288C835B00FFFF0F /* ReusableModel.swift */,
				3D68FEB6288DEBE50001B324 /* User.swift */,
			);
			path = "ChangingTypeCodable-Example";
			sourceTree = "<group>";
		};
		3DB2E19D288C833800FFFF0F /* ChangingTypeCodable-ExampleTests */ = {
			isa = PBXGroup;
			children = (
				3DEA0D62288C95A40092E512 /* Helpers */,
				3DB2E1AD288C85EF00FFFF0F /* Resources */,
				3DB2E1AE288C85EF00FFFF0F /* Tests */,
			);
			path = "ChangingTypeCodable-ExampleTests";
			sourceTree = "<group>";
		};
		3DB2E1AD288C85EF00FFFF0F /* Resources */ = {
			isa = PBXGroup;
			children = (
				3DEA0D66288C971C0092E512 /* CodableBoolValueType.json */,
				3DEA0D67288C971C0092E512 /* CodableCustomTypeValueType.json */,
				3DEA0D60288C955B0092E512 /* CodableIntValueType.json */,
				3DEA0D6D288C9C0E0092E512 /* CodableMulitpleValueTypes.json */,
				3DEA0D68288C971C0092E512 /* CodableStringArrayValueType.json */,
			);
			path = Resources;
			sourceTree = "<group>";
		};
		3DB2E1AE288C85EF00FFFF0F /* Tests */ = {
			isa = PBXGroup;
			children = (
				3D68FEB4288DE4A20001B324 /* ConcreteModelTests.swift */,
				3DB2E1AF288C85EF00FFFF0F /* ReusableModelTests.swift */,
			);
			path = Tests;
			sourceTree = "<group>";
		};
		3DEA0D62288C95A40092E512 /* Helpers */ = {
			isa = PBXGroup;
			children = (
				3DEA0D63288C95C20092E512 /* Bundle+Load.swift */,
			);
			path = Helpers;
			sourceTree = "<group>";
		};
/* End PBXGroup section */

/* Begin PBXHeadersBuildPhase section */
		3DB2E18C288C833800FFFF0F /* Headers */ = {
			isa = PBXHeadersBuildPhase;
			buildActionMask = 2147483647;
			files = (
			);
			runOnlyForDeploymentPostprocessing = 0;
		};
/* End PBXHeadersBuildPhase section */

/* Begin PBXNativeTarget section */
		3DB2E190288C833800FFFF0F /* ChangingTypeCodable-Example */ = {
			isa = PBXNativeTarget;
			buildConfigurationList = 3DB2E1A3288C833900FFFF0F /* Build configuration list for PBXNativeTarget "ChangingTypeCodable-Example" */;
			buildPhases = (
				3DB2E18C288C833800FFFF0F /* Headers */,
				3DB2E18D288C833800FFFF0F /* Sources */,
				3DB2E18E288C833800FFFF0F /* Frameworks */,
				3DB2E18F288C833800FFFF0F /* Resources */,
			);
			buildRules = (
			);
			dependencies = (
			);
			name = "ChangingTypeCodable-Example";
			productName = "ChangingTypeCodable-Example";
			productReference = 3DB2E191288C833800FFFF0F /* ChangingTypeCodable_Example.framework */;
			productType = "com.apple.product-type.framework";
		};
		3DB2E198288C833800FFFF0F /* ChangingTypeCodable-ExampleTests */ = {
			isa = PBXNativeTarget;
			buildConfigurationList = 3DB2E1A6288C833900FFFF0F /* Build configuration list for PBXNativeTarget "ChangingTypeCodable-ExampleTests" */;
			buildPhases = (
				3DB2E195288C833800FFFF0F /* Sources */,
				3DB2E196288C833800FFFF0F /* Frameworks */,
				3DB2E197288C833800FFFF0F /* Resources */,
			);
			buildRules = (
			);
			dependencies = (
				3DB2E19C288C833800FFFF0F /* PBXTargetDependency */,
			);
			name = "ChangingTypeCodable-ExampleTests";
			productName = "ChangingTypeCodable-ExampleTests";
			productReference = 3DB2E199288C833800FFFF0F /* ChangingTypeCodable-ExampleTests.xctest */;
			productType = "com.apple.product-type.bundle.unit-test";
		};
/* End PBXNativeTarget section */

/* Begin PBXProject section */
		3DB2E188288C833800FFFF0F /* Project object */ = {
			isa = PBXProject;
			attributes = {
				BuildIndependentTargetsInParallel = 1;
				LastSwiftUpdateCheck = 1340;
				LastUpgradeCheck = 1340;
				ORGANIZATIONNAME = Boles;
				TargetAttributes = {
					3DB2E190288C833800FFFF0F = {
						CreatedOnToolsVersion = 13.4.1;
						LastSwiftMigration = 1340;
					};
					3DB2E198288C833800FFFF0F = {
						CreatedOnToolsVersion = 13.4.1;
					};
				};
			};
			buildConfigurationList = 3DB2E18B288C833800FFFF0F /* Build configuration list for PBXProject "ChangingTypeCodable-Example" */;
			compatibilityVersion = "Xcode 12.0";
			developmentRegion = en;
			hasScannedForEncodings = 0;
			knownRegions = (
				en,
				Base,
			);
			mainGroup = 3DB2E187288C833800FFFF0F;
			productRefGroup = 3DB2E192288C833800FFFF0F /* Products */;
			projectDirPath = "";
			projectRoot = "";
			targets = (
				3DB2E190288C833800FFFF0F /* ChangingTypeCodable-Example */,
				3DB2E198288C833800FFFF0F /* ChangingTypeCodable-ExampleTests */,
			);
		};
/* End PBXProject section */

/* Begin PBXResourcesBuildPhase section */
		3DB2E18F288C833800FFFF0F /* Resources */ = {
			isa = PBXResourcesBuildPhase;
			buildActionMask = 2147483647;
			files = (
			);
			runOnlyForDeploymentPostprocessing = 0;
		};
		3DB2E197288C833800FFFF0F /* Resources */ = {
			isa = PBXResourcesBuildPhase;
			buildActionMask = 2147483647;
			files = (
				3DEA0D61288C955B0092E512 /* CodableIntValueType.json in Resources */,
				3DEA0D6E288C9C0E0092E512 /* CodableMulitpleValueTypes.json in Resources */,
				3DEA0D6C288C971C0092E512 /* CodableStringArrayValueType.json in Resources */,
				3DEA0D6A288C971C0092E512 /* CodableBoolValueType.json in Resources */,
				3DEA0D6B288C971C0092E512 /* CodableCustomTypeValueType.json in Resources */,
			);
			runOnlyForDeploymentPostprocessing = 0;
		};
/* End PBXResourcesBuildPhase section */

/* Begin PBXSourcesBuildPhase section */
		3DB2E18D288C833800FFFF0F /* Sources */ = {
			isa = PBXSourcesBuildPhase;
			buildActionMask = 2147483647;
			files = (
				3D68FEB3288DDFA80001B324 /* ConcreteModel.swift in Sources */,
				3DB2E1AA288C835B00FFFF0F /* ReusableModel.swift in Sources */,
				3D68FEB7288DEBE50001B324 /* User.swift in Sources */,
			);
			runOnlyForDeploymentPostprocessing = 0;
		};
		3DB2E195288C833800FFFF0F /* Sources */ = {
			isa = PBXSourcesBuildPhase;
			buildActionMask = 2147483647;
			files = (
				3D68FEB5288DE4A20001B324 /* ConcreteModelTests.swift in Sources */,
				3DB2E1B0288C85EF00FFFF0F /* ReusableModelTests.swift in Sources */,
				3DEA0D64288C95C20092E512 /* Bundle+Load.swift in Sources */,
			);
			runOnlyForDeploymentPostprocessing = 0;
		};
/* End PBXSourcesBuildPhase section */

/* Begin PBXTargetDependency section */
		3DB2E19C288C833800FFFF0F /* PBXTargetDependency */ = {
			isa = PBXTargetDependency;
			target = 3DB2E190288C833800FFFF0F /* ChangingTypeCodable-Example */;
			targetProxy = 3DB2E19B288C833800FFFF0F /* PBXContainerItemProxy */;
		};
/* End PBXTargetDependency section */

/* Begin XCBuildConfiguration section */
		3DB2E1A1288C833800FFFF0F /* Debug */ = {
			isa = XCBuildConfiguration;
			buildSettings = {
				ALWAYS_SEARCH_USER_PATHS = NO;
				CLANG_ANALYZER_NONNULL = YES;
				CLANG_ANALYZER_NUMBER_OBJECT_CONVERSION = YES_AGGRESSIVE;
				CLANG_CXX_LANGUAGE_STANDARD = "gnu++17";
				CLANG_ENABLE_MODULES = YES;
				CLANG_ENABLE_OBJC_ARC = YES;
				CLANG_ENABLE_OBJC_WEAK = YES;
				CLANG_WARN_BLOCK_CAPTURE_AUTORELEASING = YES;
				CLANG_WARN_BOOL_CONVERSION = YES;
				CLANG_WARN_COMMA = YES;
				CLANG_WARN_CONSTANT_CONVERSION = YES;
				CLANG_WARN_DEPRECATED_OBJC_IMPLEMENTATIONS = YES;
				CLANG_WARN_DIRECT_OBJC_ISA_USAGE = YES_ERROR;
				CLANG_WARN_DOCUMENTATION_COMMENTS = YES;
				CLANG_WARN_EMPTY_BODY = YES;
				CLANG_WARN_ENUM_CONVERSION = YES;
				CLANG_WARN_INFINITE_RECURSION = YES;
				CLANG_WARN_INT_CONVERSION = YES;
				CLANG_WARN_NON_LITERAL_NULL_CONVERSION = YES;
				CLANG_WARN_OBJC_IMPLICIT_RETAIN_SELF = YES;
				CLANG_WARN_OBJC_LITERAL_CONVERSION = YES;
				CLANG_WARN_OBJC_ROOT_CLASS = YES_ERROR;
				CLANG_WARN_QUOTED_INCLUDE_IN_FRAMEWORK_HEADER = YES;
				CLANG_WARN_RANGE_LOOP_ANALYSIS = YES;
				CLANG_WARN_STRICT_PROTOTYPES = YES;
				CLANG_WARN_SUSPICIOUS_MOVE = YES;
				CLANG_WARN_UNGUARDED_AVAILABILITY = YES_AGGRESSIVE;
				CLANG_WARN_UNREACHABLE_CODE = YES;
				CLANG_WARN__DUPLICATE_METHOD_MATCH = YES;
				COPY_PHASE_STRIP = NO;
				CURRENT_PROJECT_VERSION = 1;
				DEBUG_INFORMATION_FORMAT = dwarf;
				ENABLE_STRICT_OBJC_MSGSEND = YES;
				ENABLE_TESTABILITY = YES;
				GCC_C_LANGUAGE_STANDARD = gnu11;
				GCC_DYNAMIC_NO_PIC = NO;
				GCC_NO_COMMON_BLOCKS = YES;
				GCC_OPTIMIZATION_LEVEL = 0;
				GCC_PREPROCESSOR_DEFINITIONS = (
					"DEBUG=1",
					"$(inherited)",
				);
				GCC_WARN_64_TO_32_BIT_CONVERSION = YES;
				GCC_WARN_ABOUT_RETURN_TYPE = YES_ERROR;
				GCC_WARN_UNDECLARED_SELECTOR = YES;
				GCC_WARN_UNINITIALIZED_AUTOS = YES_AGGRESSIVE;
				GCC_WARN_UNUSED_FUNCTION = YES;
				GCC_WARN_UNUSED_VARIABLE = YES;
				IPHONEOS_DEPLOYMENT_TARGET = 15.0;
				MTL_ENABLE_DEBUG_INFO = INCLUDE_SOURCE;
				MTL_FAST_MATH = YES;
				ONLY_ACTIVE_ARCH = YES;
				SDKROOT = iphoneos;
				SWIFT_ACTIVE_COMPILATION_CONDITIONS = DEBUG;
				SWIFT_OPTIMIZATION_LEVEL = "-Onone";
				VERSIONING_SYSTEM = "apple-generic";
				VERSION_INFO_PREFIX = "";
			};
			name = Debug;
		};
		3DB2E1A2288C833800FFFF0F /* Release */ = {
			isa = XCBuildConfiguration;
			buildSettings = {
				ALWAYS_SEARCH_USER_PATHS = NO;
				CLANG_ANALYZER_NONNULL = YES;
				CLANG_ANALYZER_NUMBER_OBJECT_CONVERSION = YES_AGGRESSIVE;
				CLANG_CXX_LANGUAGE_STANDARD = "gnu++17";
				CLANG_ENABLE_MODULES = YES;
				CLANG_ENABLE_OBJC_ARC = YES;
				CLANG_ENABLE_OBJC_WEAK = YES;
				CLANG_WARN_BLOCK_CAPTURE_AUTORELEASING = YES;
				CLANG_WARN_BOOL_CONVERSION = YES;
				CLANG_WARN_COMMA = YES;
				CLANG_WARN_CONSTANT_CONVERSION = YES;
				CLANG_WARN_DEPRECATED_OBJC_IMPLEMENTATIONS = YES;
				CLANG_WARN_DIRECT_OBJC_ISA_USAGE = YES_ERROR;
				CLANG_WARN_DOCUMENTATION_COMMENTS = YES;
				CLANG_WARN_EMPTY_BODY = YES;
				CLANG_WARN_ENUM_CONVERSION = YES;
				CLANG_WARN_INFINITE_RECURSION = YES;
				CLANG_WARN_INT_CONVERSION = YES;
				CLANG_WARN_NON_LITERAL_NULL_CONVERSION = YES;
				CLANG_WARN_OBJC_IMPLICIT_RETAIN_SELF = YES;
				CLANG_WARN_OBJC_LITERAL_CONVERSION = YES;
				CLANG_WARN_OBJC_ROOT_CLASS = YES_ERROR;
				CLANG_WARN_QUOTED_INCLUDE_IN_FRAMEWORK_HEADER = YES;
				CLANG_WARN_RANGE_LOOP_ANALYSIS = YES;
				CLANG_WARN_STRICT_PROTOTYPES = YES;
				CLANG_WARN_SUSPICIOUS_MOVE = YES;
				CLANG_WARN_UNGUARDED_AVAILABILITY = YES_AGGRESSIVE;
				CLANG_WARN_UNREACHABLE_CODE = YES;
				CLANG_WARN__DUPLICATE_METHOD_MATCH = YES;
				COPY_PHASE_STRIP = NO;
				CURRENT_PROJECT_VERSION = 1;
				DEBUG_INFORMATION_FORMAT = "dwarf-with-dsym";
				ENABLE_NS_ASSERTIONS = NO;
				ENABLE_STRICT_OBJC_MSGSEND = YES;
				GCC_C_LANGUAGE_STANDARD = gnu11;
				GCC_NO_COMMON_BLOCKS = YES;
				GCC_WARN_64_TO_32_BIT_CONVERSION = YES;
				GCC_WARN_ABOUT_RETURN_TYPE = YES_ERROR;
				GCC_WARN_UNDECLARED_SELECTOR = YES;
				GCC_WARN_UNINITIALIZED_AUTOS = YES_AGGRESSIVE;
				GCC_WARN_UNUSED_FUNCTION = YES;
				GCC_WARN_UNUSED_VARIABLE = YES;
				IPHONEOS_DEPLOYMENT_TARGET = 15.0;
				MTL_ENABLE_DEBUG_INFO = NO;
				MTL_FAST_MATH = YES;
				SDKROOT = iphoneos;
				SWIFT_COMPILATION_MODE = wholemodule;
				SWIFT_OPTIMIZATION_LEVEL = "-O";
				VALIDATE_PRODUCT = YES;
				VERSIONING_SYSTEM = "apple-generic";
				VERSION_INFO_PREFIX = "";
			};
			name = Release;
		};
		3DB2E1A4288C833900FFFF0F /* Debug */ = {
			isa = XCBuildConfiguration;
			buildSettings = {
				CLANG_ENABLE_MODULES = YES;
				CODE_SIGN_IDENTITY = "Apple Development";
				CODE_SIGN_STYLE = Automatic;
				CURRENT_PROJECT_VERSION = 1;
				DEFINES_MODULE = YES;
				DEVELOPMENT_TEAM = "";
				DYLIB_COMPATIBILITY_VERSION = 1;
				DYLIB_CURRENT_VERSION = 1;
				DYLIB_INSTALL_NAME_BASE = "@rpath";
				GENERATE_INFOPLIST_FILE = YES;
				INFOPLIST_KEY_NSHumanReadableCopyright = "";
				INSTALL_PATH = "$(LOCAL_LIBRARY_DIR)/Frameworks";
				LD_RUNPATH_SEARCH_PATHS = (
					"$(inherited)",
					"@executable_path/Frameworks",
					"@loader_path/Frameworks",
				);
				MARKETING_VERSION = 1.0;
				PRODUCT_BUNDLE_IDENTIFIER = "com.williamboles.ChangingTypeCodable-Example";
				PRODUCT_NAME = "$(TARGET_NAME:c99extidentifier)";
				SKIP_INSTALL = YES;
				SUPPORTS_MACCATALYST = NO;
				SUPPORTS_MAC_DESIGNED_FOR_IPHONE_IPAD = NO;
				SWIFT_EMIT_LOC_STRINGS = YES;
				SWIFT_OPTIMIZATION_LEVEL = "-Onone";
				SWIFT_VERSION = 5.0;
				TARGETED_DEVICE_FAMILY = 1;
			};
			name = Debug;
		};
		3DB2E1A5288C833900FFFF0F /* Release */ = {
			isa = XCBuildConfiguration;
			buildSettings = {
				CLANG_ENABLE_MODULES = YES;
				CODE_SIGN_IDENTITY = "Apple Development";
				CODE_SIGN_STYLE = Automatic;
				CURRENT_PROJECT_VERSION = 1;
				DEFINES_MODULE = YES;
				DEVELOPMENT_TEAM = "";
				DYLIB_COMPATIBILITY_VERSION = 1;
				DYLIB_CURRENT_VERSION = 1;
				DYLIB_INSTALL_NAME_BASE = "@rpath";
				GENERATE_INFOPLIST_FILE = YES;
				INFOPLIST_KEY_NSHumanReadableCopyright = "";
				INSTALL_PATH = "$(LOCAL_LIBRARY_DIR)/Frameworks";
				LD_RUNPATH_SEARCH_PATHS = (
					"$(inherited)",
					"@executable_path/Frameworks",
					"@loader_path/Frameworks",
				);
				MARKETING_VERSION = 1.0;
				PRODUCT_BUNDLE_IDENTIFIER = "com.williamboles.ChangingTypeCodable-Example";
				PRODUCT_NAME = "$(TARGET_NAME:c99extidentifier)";
				SKIP_INSTALL = YES;
				SUPPORTS_MACCATALYST = NO;
				SUPPORTS_MAC_DESIGNED_FOR_IPHONE_IPAD = NO;
				SWIFT_EMIT_LOC_STRINGS = YES;
				SWIFT_VERSION = 5.0;
				TARGETED_DEVICE_FAMILY = 1;
			};
			name = Release;
		};
		3DB2E1A7288C833900FFFF0F /* Debug */ = {
			isa = XCBuildConfiguration;
			buildSettings = {
				ALWAYS_EMBED_SWIFT_STANDARD_LIBRARIES = YES;
				CODE_SIGN_STYLE = Automatic;
				CURRENT_PROJECT_VERSION = 1;
				GENERATE_INFOPLIST_FILE = YES;
				MARKETING_VERSION = 1.0;
				PRODUCT_BUNDLE_IDENTIFIER = "com.williamboles.ChangingTypeCodable-ExampleTests";
				PRODUCT_NAME = "$(TARGET_NAME)";
				SUPPORTS_MACCATALYST = NO;
				SUPPORTS_MAC_DESIGNED_FOR_IPHONE_IPAD = NO;
				SWIFT_EMIT_LOC_STRINGS = NO;
				SWIFT_VERSION = 5.0;
				TARGETED_DEVICE_FAMILY = "1,2";
			};
			name = Debug;
		};
		3DB2E1A8288C833900FFFF0F /* Release */ = {
			isa = XCBuildConfiguration;
			buildSettings = {
				ALWAYS_EMBED_SWIFT_STANDARD_LIBRARIES = YES;
				CODE_SIGN_STYLE = Automatic;
				CURRENT_PROJECT_VERSION = 1;
				GENERATE_INFOPLIST_FILE = YES;
				MARKETING_VERSION = 1.0;
				PRODUCT_BUNDLE_IDENTIFIER = "com.williamboles.ChangingTypeCodable-ExampleTests";
				PRODUCT_NAME = "$(TARGET_NAME)";
				SUPPORTS_MACCATALYST = NO;
				SUPPORTS_MAC_DESIGNED_FOR_IPHONE_IPAD = NO;
				SWIFT_EMIT_LOC_STRINGS = NO;
				SWIFT_VERSION = 5.0;
				TARGETED_DEVICE_FAMILY = "1,2";
			};
			name = Release;
		};
/* End XCBuildConfiguration section */

/* Begin XCConfigurationList section */
		3DB2E18B288C833800FFFF0F /* Build configuration list for PBXProject "ChangingTypeCodable-Example" */ = {
			isa = XCConfigurationList;
			buildConfigurations = (
				3DB2E1A1288C833800FFFF0F /* Debug */,
				3DB2E1A2288C833800FFFF0F /* Release */,
			);
			defaultConfigurationIsVisible = 0;
			defaultConfigurationName = Release;
		};
		3DB2E1A3288C833900FFFF0F /* Build configuration list for PBXNativeTarget "ChangingTypeCodable-Example" */ = {
			isa = XCConfigurationList;
			buildConfigurations = (
				3DB2E1A4288C833900FFFF0F /* Debug */,
				3DB2E1A5288C833900FFFF0F /* Release */,
			);
			defaultConfigurationIsVisible = 0;
			defaultConfigurationName = Release;
		};
		3DB2E1A6288C833900FFFF0F /* Build configuration list for PBXNativeTarget "ChangingTypeCodable-ExampleTests" */ = {
			isa = XCConfigurationList;
			buildConfigurations = (
				3DB2E1A7288C833900FFFF0F /* Debug */,
				3DB2E1A8288C833900FFFF0F /* Release */,
			);
			defaultConfigurationIsVisible = 0;
			defaultConfigurationName = Release;
		};
/* End XCConfigurationList section */
	};
	rootObject = 3DB2E188288C833800FFFF0F /* Project object */;
}
